
Microsoft Visual Studio Solution File, Format Version 12.00
# Visual Studio Version 17
VisualStudioVersion = 17.13.35818.85 d17.13
MinimumVisualStudioVersion = 10.0.40219.1
Project("{FAE04EC0-301F-11D3-BF4B-00C04F79EFBC}") = "FractalTree2D", "FractalTree2D\FractalTree2D.csproj", "{8F215668-9E45-4A9F-9E47-44CDB5BE396E}"
EndProject
Global
	GlobalSection(SolutionConfigurationPlatforms) = preSolution
		Debug|Any CPU = Debug|Any CPU
		Release|Any CPU = Release|Any CPU
	EndGlobalSection
	GlobalSection(ProjectConfigurationPlatforms) = postSolution
		{8F215668-9E45-4A9F-9E47-44CDB5BE396E}.Debug|Any CPU.ActiveCfg = Debug|Any CPU
		{8F215668-9E45-4A9F-9E47-44CDB5BE396E}.Debug|Any CPU.Build.0 = Debug|Any CPU
		{8F215668-9E45-4A9F-9E47-44CDB5BE396E}.Release|Any CPU.ActiveCfg = Release|Any CPU
		{8F215668-9E45-4A9F-9E47-44CDB5BE396E}.Release|Any CPU.Build.0 = Release|Any CPU
	EndGlobalSection
	GlobalSection(SolutionProperties) = preSolution
		HideSolutionNode = FALSE
	EndGlobalSection
	GlobalSection(ExtensibilityGlobals) = postSolution
		SolutionGuid = {3A685694-F05D-4571-BAE4-654E5A2DFBC4}
	EndGlobalSection
EndGlobal
