
Microsoft Visual Studio Solution File, Format Version 12.00
# Visual Studio Version 17
VisualStudioVersion = 17.13.35818.85 d17.13
MinimumVisualStudioVersion = 10.0.40219.1
Project("{FAE04EC0-301F-11D3-BF4B-00C04F79EFBC}") = "lab2", "lab2\lab2.csproj", "{FD9FCE4B-01BD-48A0-ABEE-7DD615503056}"
EndProject
Global
	GlobalSection(SolutionConfigurationPlatforms) = preSolution
		Debug|Any CPU = Debug|Any CPU
		Release|Any CPU = Release|Any CPU
	EndGlobalSection
	GlobalSection(ProjectConfigurationPlatforms) = postSolution
		{FD9FCE4B-01BD-48A0-ABEE-7DD615503056}.Debug|Any CPU.ActiveCfg = Debug|Any CPU
		{FD9FCE4B-01BD-48A0-ABEE-7DD615503056}.Debug|Any CPU.Build.0 = Debug|Any CPU
		{FD9FCE4B-01BD-48A0-ABEE-7DD615503056}.Release|Any CPU.ActiveCfg = Release|Any CPU
		{FD9FCE4B-01BD-48A0-ABEE-7DD615503056}.Release|Any CPU.Build.0 = Release|Any CPU
	EndGlobalSection
	GlobalSection(SolutionProperties) = preSolution
		HideSolutionNode = FALSE
	EndGlobalSection
	GlobalSection(ExtensibilityGlobals) = postSolution
		SolutionGuid = {38732E91-73D4-4BA3-80F3-592FF299C273}
	EndGlobalSection
EndGlobal
